
Microsoft Visual Studio Solution File, Format Version 12.00
# Visual Studio Version 16
VisualStudioVersion = 16.0.31702.278
MinimumVisualStudioVersion = 10.0.40219.1
Project("{FAE04EC0-301F-11D3-BF4B-00C04F79EFBC}") = "Section1", "Section1\Section1.csproj", "{04744991-3E67-4F72-A326-FF2A2605FE9D}"
EndProject
Global
	GlobalSection(SolutionConfigurationPlatforms) = preSolution
		Debug|Any CPU = Debug|Any CPU
		Release|Any CPU = Release|Any CPU
	EndGlobalSection
	GlobalSection(ProjectConfigurationPlatforms) = postSolution
		{04744991-3E67-4F72-A326-FF2A2605FE9D}.Debug|Any CPU.ActiveCfg = Debug|Any CPU
		{04744991-3E67-4F72-A326-FF2A2605FE9D}.Debug|Any CPU.Build.0 = Debug|Any CPU
		{04744991-3E67-4F72-A326-FF2A2605FE9D}.Release|Any CPU.ActiveCfg = Release|Any CPU
		{04744991-3E67-4F72-A326-FF2A2605FE9D}.Release|Any CPU.Build.0 = Release|Any CPU
	EndGlobalSection
	GlobalSection(SolutionProperties) = preSolution
		HideSolutionNode = FALSE
	EndGlobalSection
	GlobalSection(ExtensibilityGlobals) = postSolution
		SolutionGuid = {7C9EE5EA-E31E-414F-A655-9F127434C568}
	EndGlobalSection
EndGlobal
