
Microsoft Visual Studio Solution File, Format Version 12.00
# Visual Studio Version 16
VisualStudioVersion = 16.0.31702.278
MinimumVisualStudioVersion = 10.0.40219.1
Project("{FAE04EC0-301F-11D3-BF4B-00C04F79EFBC}") = "Section7", "Section7.csproj", "{FE55E519-C256-4581-92B4-71AAE9E0DE5B}"
EndProject
Global
	GlobalSection(SolutionConfigurationPlatforms) = preSolution
		Debug|Any CPU = Debug|Any CPU
		Release|Any CPU = Release|Any CPU
	EndGlobalSection
	GlobalSection(ProjectConfigurationPlatforms) = postSolution
		{FE55E519-C256-4581-92B4-71AAE9E0DE5B}.Debug|Any CPU.ActiveCfg = Debug|Any CPU
		{FE55E519-C256-4581-92B4-71AAE9E0DE5B}.Debug|Any CPU.Build.0 = Debug|Any CPU
		{FE55E519-C256-4581-92B4-71AAE9E0DE5B}.Release|Any CPU.ActiveCfg = Release|Any CPU
		{FE55E519-C256-4581-92B4-71AAE9E0DE5B}.Release|Any CPU.Build.0 = Release|Any CPU
	EndGlobalSection
	GlobalSection(SolutionProperties) = preSolution
		HideSolutionNode = FALSE
	EndGlobalSection
	GlobalSection(ExtensibilityGlobals) = postSolution
		SolutionGuid = {78341B1A-18CD-4BAF-A2F9-4E8D3C4DE8A3}
	EndGlobalSection
EndGlobal
